Microsoft Visual Studio Solution File, Format Version 12.00
# Visual Studio Version 17
VisualStudioVersion = 17.5.2.0
MinimumVisualStudioVersion = 10.0.40219.1
Project("{FAE04EC0-301F-11D3-BF4B-00C04F79EFBC}") = "sportprofiles", "sportprofiles.csproj", "{DF9F3CCA-B526-910B-00CC-468DD854178A}"
EndProject
Global
	GlobalSection(SolutionConfigurationPlatforms) = preSolution
		Debug|Any CPU = Debug|Any CPU
		Release|Any CPU = Release|Any CPU
	EndGlobalSection
	GlobalSection(ProjectConfigurationPlatforms) = postSolution
		{DF9F3CCA-B526-910B-00CC-468DD854178A}.Debug|Any CPU.ActiveCfg = Debug|Any CPU
		{DF9F3CCA-B526-910B-00CC-468DD854178A}.Debug|Any CPU.Build.0 = Debug|Any CPU
		{DF9F3CCA-B526-910B-00CC-468DD854178A}.Release|Any CPU.ActiveCfg = Release|Any CPU
		{DF9F3CCA-B526-910B-00CC-468DD854178A}.Release|Any CPU.Build.0 = Release|Any CPU
	EndGlobalSection
	GlobalSection(SolutionProperties) = preSolution
		HideSolutionNode = FALSE
	EndGlobalSection
	GlobalSection(ExtensibilityGlobals) = postSolution
		SolutionGuid = {4BAADE43-0E42-4CB8-B1B2-516AAFC69361}
	EndGlobalSection
EndGlobal
